{
  "lockfileVersion": 2,
  "configVersion": 1,
  "workspaces": {
    "": {
      "name": "teasel-oracle",
      "devDependencies": {
        "@sveltejs/acorn-typescript": "1.0.10",
        "acorn": "^8.15.0",
        "eslint-scope": "8",
      },
    },
  },
  "packages": {
    "@sveltejs/acorn-typescript": ["@sveltejs/acorn-typescript@1.0.10", "", { "peerDependencies": { "acorn": "^8.9.0" } }, "sha512-4WfKk68eTih+MiJD4fSbxN7E8kVBmTMPWHUPYjvl2N0rMs53YLTT8/YjKU5Dtnz5LqDjl7LEw4U7lXR2W3J5WA=="],

    "acorn": ["acorn@8.18.0", "", { "bin": { "acorn": "bin/acorn" } }, "sha512-lGq+9yr1/GuAWaVYIHRjvvySG5/4VfKIvC8EWxStPdcDh/Ka7FG3twP6v4d5BkravUilhIAsG4Qj83t02LWUPQ=="],

    "eslint-scope": ["eslint-scope@8.4.0", "", { "dependencies": { "esrecurse": "^4.3.0", "estraverse": "^5.2.0" } }, "sha512-sNXOfKCn74rt8RICKMvJS7XKV/Xk9kA7DyJr8mJik3S7Cwgy3qlkkmyS2uQB3jiJg6VNdZd/pDBJu0nvG2NlTg=="],

    "esrecurse": ["esrecurse@4.3.0", "", { "dependencies": { "estraverse": "^5.2.0" } }, "sha512-KmfKL3b6G+RXvP8N1vr3Tq1kL/oCFgn2NYXEtqP8/L3pKapUA4G8cFVaoF3SU323CD4XypR/ffioHmkti6/Tag=="],

    "estraverse": ["estraverse@5.3.0", "", {}, "sha512-MMdARuVEQziNTeJD8DgMqmhwR11BRQ/cBP+pLtYdSTnf3MIO8fFeiINEbX36ZdNlfU/7A9f3gUw49B3oQsvwBA=="],
  }
}
